
Microsoft Visual Studio Solution File, Format Version 12.00
# Visual Studio 15
VisualStudioVersion = 15.0.26228.43
MinimumVisualStudioVersion = 10.0.40219.1
Project("{FAE04EC0-301F-11D3-BF4B-00C04F79EFBC}") = "Main", "Main\Main.csproj", "{3D02E659-1449-4D41-A42C-0076196BFAD4}"
EndProject
Project("{FAE04EC0-301F-11D3-BF4B-00C04F79EFBC}") = "Core", "Core\Core.csproj", "{41965E02-8DE7-4640-9AFB-50ABACEF97D4}"
EndProject
Project("{FAE04EC0-301F-11D3-BF4B-00C04F79EFBC}") = "Core.Tests", "Core.Tests\Core.Tests.csproj", "{1B2607E1-2BB5-4BBF-BF5B-7CDBD974AC3F}"
EndProject
Global
	GlobalSection(SolutionConfigurationPlatforms) = preSolution
		Debug|Any CPU = Debug|Any CPU
		Release|Any CPU = Release|Any CPU
	EndGlobalSection
	GlobalSection(ProjectConfigurationPlatforms) = postSolution
		{3D02E659-1449-4D41-A42C-0076196BFAD4}.Debug|Any CPU.ActiveCfg = Debug|Any CPU
		{3D02E659-1449-4D41-A42C-0076196BFAD4}.Debug|Any CPU.Build.0 = Debug|Any CPU
		{3D02E659-1449-4D41-A42C-0076196BFAD4}.Release|Any CPU.ActiveCfg = Release|Any CPU
		{3D02E659-1449-4D41-A42C-0076196BFAD4}.Release|Any CPU.Build.0 = Release|Any CPU
		{41965E02-8DE7-4640-9AFB-50ABACEF97D4}.Debug|Any CPU.ActiveCfg = Debug|Any CPU
		{41965E02-8DE7-4640-9AFB-50ABACEF97D4}.Debug|Any CPU.Build.0 = Debug|Any CPU
		{41965E02-8DE7-4640-9AFB-50ABACEF97D4}.Release|Any CPU.ActiveCfg = Release|Any CPU
		{41965E02-8DE7-4640-9AFB-50ABACEF97D4}.Release|Any CPU.Build.0 = Release|Any CPU
		{1B2607E1-2BB5-4BBF-BF5B-7CDBD974AC3F}.Debug|Any CPU.ActiveCfg = Debug|Any CPU
		{1B2607E1-2BB5-4BBF-BF5B-7CDBD974AC3F}.Debug|Any CPU.Build.0 = Debug|Any CPU
		{1B2607E1-2BB5-4BBF-BF5B-7CDBD974AC3F}.Release|Any CPU.ActiveCfg = Release|Any CPU
		{1B2607E1-2BB5-4BBF-BF5B-7CDBD974AC3F}.Release|Any CPU.Build.0 = Release|Any CPU
	EndGlobalSection
	GlobalSection(SolutionProperties) = preSolution
		HideSolutionNode = FALSE
	EndGlobalSection
EndGlobal
